
Microsoft Visual Studio Solution File, Format Version 12.00
# Visual Studio 15
VisualStudioVersion = 15.0.28010.2026
MinimumVisualStudioVersion = 10.0.40219.1
Project("{FAE04EC0-301F-11D3-BF4B-00C04F79EFBC}") = "ConsoleNumericSequenceGenerator", "ConsoleNumericSequenceGenerator\ConsoleNumericSequenceGenerator.csproj", "{4C1FE38F-03D0-4977-B5BF-8605471E9286}"
EndProject
Project("{2150E333-8FDC-42A3-9474-1A3956D46DE8}") = "Solution Items", "Solution Items", "{CEA651A8-61CA-4416-83FC-89E17DB059A0}"
EndProject
Global
	GlobalSection(SolutionConfigurationPlatforms) = preSolution
		Debug|Any CPU = Debug|Any CPU
		Release|Any CPU = Release|Any CPU
	EndGlobalSection
	GlobalSection(ProjectConfigurationPlatforms) = postSolution
		{4C1FE38F-03D0-4977-B5BF-8605471E9286}.Debug|Any CPU.ActiveCfg = Debug|Any CPU
		{4C1FE38F-03D0-4977-B5BF-8605471E9286}.Debug|Any CPU.Build.0 = Debug|Any CPU
		{4C1FE38F-03D0-4977-B5BF-8605471E9286}.Release|Any CPU.ActiveCfg = Release|Any CPU
		{4C1FE38F-03D0-4977-B5BF-8605471E9286}.Release|Any CPU.Build.0 = Release|Any CPU
	EndGlobalSection
	GlobalSection(SolutionProperties) = preSolution
		HideSolutionNode = FALSE
	EndGlobalSection
	GlobalSection(ExtensibilityGlobals) = postSolution
		SolutionGuid = {3037A488-B7EC-49D3-8CE2-F0CEBBB98076}
	EndGlobalSection
EndGlobal
